
Microsoft Visual Studio Solution File, Format Version 12.00
# Visual Studio Version 16
VisualStudioVersion = 16.0.31129.286
MinimumVisualStudioVersion = 10.0.40219.1
Project("{FAE04EC0-301F-11D3-BF4B-00C04F79EFBC}") = "DemoBankValidation", "DemoBankValidation\DemoBankValidation.csproj", "{8ACED8BB-79AB-476C-BF54-33914920B8D9}"
EndProject
Project("{FAE04EC0-301F-11D3-BF4B-00C04F79EFBC}") = "Validator.Tests", "Validator.Tests\Validator.Tests.csproj", "{7EDBF2BA-38B3-4FB8-A8B0-D99C0EB20C66}"
EndProject
Global
	GlobalSection(SolutionConfigurationPlatforms) = preSolution
		Debug|Any CPU = Debug|Any CPU
		Release|Any CPU = Release|Any CPU
	EndGlobalSection
	GlobalSection(ProjectConfigurationPlatforms) = postSolution
		{8ACED8BB-79AB-476C-BF54-33914920B8D9}.Debug|Any CPU.ActiveCfg = Debug|Any CPU
		{8ACED8BB-79AB-476C-BF54-33914920B8D9}.Debug|Any CPU.Build.0 = Debug|Any CPU
		{8ACED8BB-79AB-476C-BF54-33914920B8D9}.Release|Any CPU.ActiveCfg = Release|Any CPU
		{8ACED8BB-79AB-476C-BF54-33914920B8D9}.Release|Any CPU.Build.0 = Release|Any CPU
		{7EDBF2BA-38B3-4FB8-A8B0-D99C0EB20C66}.Debug|Any CPU.ActiveCfg = Debug|Any CPU
		{7EDBF2BA-38B3-4FB8-A8B0-D99C0EB20C66}.Debug|Any CPU.Build.0 = Debug|Any CPU
		{7EDBF2BA-38B3-4FB8-A8B0-D99C0EB20C66}.Release|Any CPU.ActiveCfg = Release|Any CPU
		{7EDBF2BA-38B3-4FB8-A8B0-D99C0EB20C66}.Release|Any CPU.Build.0 = Release|Any CPU
	EndGlobalSection
	GlobalSection(SolutionProperties) = preSolution
		HideSolutionNode = FALSE
	EndGlobalSection
	GlobalSection(ExtensibilityGlobals) = postSolution
		SolutionGuid = {3A69EF60-D2BA-4458-A9D7-E502AF29E1A5}
	EndGlobalSection
EndGlobal
